// !$*UTF8*$!
{
	archiveVersion = 1;
	classes = {
	};
	objectVersion = 46;
	objects = {

/* Begin PBXBuildFile section */
		331202D31D02E43D006B9265 /* img.jpg in Resources */ = {isa = PBXBuildFile; fileRef = 331202D21D02E43D006B9265 /* img.jpg */; };
		331A4D8F1D02A5A800753247 /* AppDelegate.swift in Sources */ = {isa = PBXBuildFile; fileRef = 331A4D8E1D02A5A800753247 /* AppDelegate.swift */; };
		331A4D911D02A5A800753247 /* ViewController.swift in Sources */ = {isa = PBXBuildFile; fileRef = 331A4D901D02A5A800753247 /* ViewController.swift */; };
		331A4D941D02A5A800753247 /* Main.storyboard in Resources */ = {isa = PBXBuildFile; fileRef = 331A4D921D02A5A800753247 /* Main.storyboard */; };
		331A4D961D02A5A800753247 /* Assets.xcassets in Resources */ = {isa = PBXBuildFile; fileRef = 331A4D951D02A5A800753247 /* Assets.xcassets */; };
		331A4D991D02A5A800753247 /* LaunchScreen.storyboard in Resources */ = {isa = PBXBuildFile; fileRef = 331A4D971D02A5A800753247 /* LaunchScreen.storyboard */; };
/* End PBXBuildFile section */

/* Begin PBXFileReference section */
		331202D21D02E43D006B9265 /* img.jpg */ = {isa = PBXFileReference; lastKnownFileType = image.jpeg; name = img.jpg; path = Assets.xcassets/img.imageset/img.jpg; sourceTree = "<group>"; };
		331A4D8B1D02A5A800753247 /* ActivityViewController-swift.app */ = {isa = PBXFileReference; explicitFileType = wrapper.application; includeInIndex = 0; path = "ActivityViewController-swift.app"; sourceTree = BUILT_PRODUCTS_DIR; };
		331A4D8E1D02A5A800753247 /* AppDelegate.swift */ = {isa = PBXFileReference; lastKnownFileType = sourcecode.swift; path = AppDelegate.swift; sourceTree = "<group>"; };
		331A4D901D02A5A800753247 /* ViewController.swift */ = {isa = PBXFileReference; lastKnownFileType = sourcecode.swift; path = ViewController.swift; sourceTree = "<group>"; };
		331A4D931D02A5A800753247 /* Base */ = {isa = PBXFileReference; lastKnownFileType = file.storyboard; name = Base; path = Base.lproj/Main.storyboard; sourceTree = "<group>"; };
		331A4D951D02A5A800753247 /* Assets.xcassets */ = {isa = PBXFileReference; lastKnownFileType = folder.assetcatalog; path = Assets.xcassets; sourceTree = "<group>"; };
		331A4D981D02A5A800753247 /* Base */ = {isa = PBXFileReference; lastKnownFileType = file.storyboard; name = Base; path = Base.lproj/LaunchScreen.storyboard; sourceTree = "<group>"; };
		331A4D9A1D02A5A800753247 /* Info.plist */ = {isa = PBXFileReference; lastKnownFileType = text.plist.xml; path = Info.plist; sourceTree = "<group>"; };
/* End PBXFileReference section */

/* Begin PBXFrameworksBuildPhase section */
		331A4D881D02A5A800753247 /* Frameworks */ = {
			isa = PBXFrameworksBuildPhase;
			buildActionMask = 2147483647;
			files = (
			);
			runOnlyForDeploymentPostprocessing = 0;
		};
/* End PBXFrameworksBuildPhase section */

/* Begin PBXGroup section */
		331A4D821D02A5A800753247 = {
			isa = PBXGroup;
			children = (
				331A4D8D1D02A5A800753247 /* ActivityViewController-swift */,
				331A4D8C1D02A5A800753247 /* Products */,
			);
			sourceTree = "<group>";
		};
		331A4D8C1D02A5A800753247 /* Products */ = {
			isa = PBXGroup;
			children = (
				331A4D8B1D02A5A800753247 /* ActivityViewController-swift.app */,
			);
			name = Products;
			sourceTree = "<group>";
		};
		331A4D8D1D02A5A800753247 /* ActivityViewController-swift */ = {
			isa = PBXGroup;
			children = (
				331202D21D02E43D006B9265 /* img.jpg */,
				331A4D8E1D02A5A800753247 /* AppDelegate.swift */,
				331A4D901D02A5A800753247 /* ViewController.swift */,
				331A4D921D02A5A800753247 /* Main.storyboard */,
				331A4D951D02A5A800753247 /* Assets.xcassets */,
				331A4D971D02A5A800753247 /* LaunchScreen.storyboard */,
				331A4D9A1D02A5A800753247 /* Info.plist */,
			);
			path = "ActivityViewController-swift";
			sourceTree = "<group>";
		};
/* End PBXGroup section */

/* Begin PBXNativeTarget section */
		331A4D8A1D02A5A800753247 /* ActivityViewController-swift */ = {
			isa = PBXNativeTarget;
			buildConfigurationList = 331A4D9D1D02A5A800753247 /* Build configuration list for PBXNativeTarget "ActivityViewController-swift" */;
			buildPhases = (
				331A4D871D02A5A800753247 /* Sources */,
				331A4D881D02A5A800753247 /* Frameworks */,
				331A4D891D02A5A800753247 /* Resources */,
			);
			buildRules = (
			);
			dependencies = (
			);
			name = "ActivityViewController-swift";
			productName = "ActivityViewController-swift";
			productReference = 331A4D8B1D02A5A800753247 /* ActivityViewController-swift.app */;
			productType = "com.apple.product-type.application";
		};
/* End PBXNativeTarget section */

/* Begin PBXProject section */
		331A4D831D02A5A800753247 /* Project object */ = {
			isa = PBXProject;
			attributes = {
				LastSwiftUpdateCheck = 0730;
				LastUpgradeCheck = 0730;
				ORGANIZATIONNAME = "Han Chen";
				TargetAttributes = {
					331A4D8A1D02A5A800753247 = {
						CreatedOnToolsVersion = 7.3.1;
					};
				};
			};
			buildConfigurationList = 331A4D861D02A5A800753247 /* Build configuration list for PBXProject "ActivityViewController-swift" */;
			compatibilityVersion = "Xcode 3.2";
			developmentRegion = English;
			hasScannedForEncodings = 0;
			knownRegions = (
				en,
				Base,
			);
			mainGroup = 331A4D821D02A5A800753247;
			productRefGroup = 331A4D8C1D02A5A800753247 /* Products */;
			projectDirPath = "";
			projectRoot = "";
			targets = (
				331A4D8A1D02A5A800753247 /* ActivityViewController-swift */,
			);
		};
/* End PBXProject section */

/* Begin PBXResourcesBuildPhase section */
		331A4D891D02A5A800753247 /* Resources */ = {
			isa = PBXResourcesBuildPhase;
			buildActionMask = 2147483647;
			files = (
				331A4D991D02A5A800753247 /* LaunchScreen.storyboard in Resources */,
				331A4D961D02A5A800753247 /* Assets.xcassets in Resources */,
				331A4D941D02A5A800753247 /* Main.storyboard in Resources */,
				331202D31D02E43D006B9265 /* img.jpg in Resources */,
			);
			runOnlyForDeploymentPostprocessing = 0;
		};
/* End PBXResourcesBuildPhase section */

/* Begin PBXSourcesBuildPhase section */
		331A4D871D02A5A800753247 /* Sources */ = {
			isa = PBXSourcesBuildPhase;
			buildActionMask = 2147483647;
			files = (
				331A4D911D02A5A800753247 /* ViewController.swift in Sources */,
				331A4D8F1D02A5A800753247 /* AppDelegate.swift in Sources */,
			);
			runOnlyForDeploymentPostprocessing = 0;
		};
/* End PBXSourcesBuildPhase section */

/* Begin PBXVariantGroup section */
		331A4D921D02A5A800753247 /* Main.storyboard */ = {
			isa = PBXVariantGroup;
			children = (
				331A4D931D02A5A800753247 /* Base */,
			);
			name = Main.storyboard;
			sourceTree = "<group>";
		};
		331A4D971D02A5A800753247 /* LaunchScreen.storyboard */ = {
			isa = PBXVariantGroup;
			children = (
				331A4D981D02A5A800753247 /* Base */,
			);
			name = LaunchScreen.storyboard;
			sourceTree = "<group>";
		};
/* End PBXVariantGroup section */

/* Begin XCBuildConfiguration section */
		331A4D9B1D02A5A800753247 /* Debug */ = {
			isa = XCBuildConfiguration;
			buildSettings = {
				ALWAYS_SEARCH_USER_PATHS = NO;
				CLANG_ANALYZER_NONNULL = YES;
				CLANG_CXX_LANGUAGE_STANDARD = "gnu++0x";
				CLANG_CXX_LIBRARY = "libc++";
				CLANG_ENABLE_MODULES = YES;
				CLANG_ENABLE_OBJC_ARC = YES;
				CLANG_WARN_BOOL_CONVERSION = YES;
				CLANG_WARN_CONSTANT_CONVERSION = YES;
				CLANG_WARN_DIRECT_OBJC_ISA_USAGE = YES_ERROR;
				CLANG_WARN_EMPTY_BODY = YES;
				CLANG_WARN_ENUM_CONVERSION = YES;
				CLANG_WARN_INT_CONVERSION = YES;
				CLANG_WARN_OBJC_ROOT_CLASS = YES_ERROR;
				CLANG_WARN_UNREACHABLE_CODE = YES;
				CLANG_WARN__DUPLICATE_METHOD_MATCH = YES;
				"CODE_SIGN_IDENTITY[sdk=iphoneos*]" = "iPhone Developer";
				COPY_PHASE_STRIP = NO;
				DEBUG_INFORMATION_FORMAT = dwarf;
				ENABLE_STRICT_OBJC_MSGSEND = YES;
				ENABLE_TESTABILITY = YES;
				GCC_C_LANGUAGE_STANDARD = gnu99;
				GCC_DYNAMIC_NO_PIC = NO;
				GCC_NO_COMMON_BLOCKS = YES;
				GCC_OPTIMIZATION_LEVEL = 0;
				GCC_PREPROCESSOR_DEFINITIONS = (
					"DEBUG=1",
					"$(inherited)",
				);
				GCC_WARN_64_TO_32_BIT_CONVERSION = YES;
				GCC_WARN_ABOUT_RETURN_TYPE = YES_ERROR;
				GCC_WARN_UNDECLARED_SELECTOR = YES;
				GCC_WARN_UNINITIALIZED_AUTOS = YES_AGGRESSIVE;
				GCC_WARN_UNUSED_FUNCTION = YES;
				GCC_WARN_UNUSED_VARIABLE = YES;
				IPHONEOS_DEPLOYMENT_TARGET = 9.3;
				MTL_ENABLE_DEBUG_INFO = YES;
				ONLY_ACTIVE_ARCH = YES;
				SDKROOT = iphoneos;
				SWIFT_OPTIMIZATION_LEVEL = "-Onone";
				TARGETED_DEVICE_FAMILY = "1,2";
			};
			name = Debug;
		};
		331A4D9C1D02A5A800753247 /* Release */ = {
			isa = XCBuildConfiguration;
			buildSettings = {
				ALWAYS_SEARCH_USER_PATHS = NO;
				CLANG_ANALYZER_NONNULL = YES;
				CLANG_CXX_LANGUAGE_STANDARD = "gnu++0x";
				CLANG_CXX_LIBRARY = "libc++";
				CLANG_ENABLE_MODULES = YES;
				CLANG_ENABLE_OBJC_ARC = YES;
				CLANG_WARN_BOOL_CONVERSION = YES;
				CLANG_WARN_CONSTANT_CONVERSION = YES;
				CLANG_WARN_DIRECT_OBJC_ISA_USAGE = YES_ERROR;
				CLANG_WARN_EMPTY_BODY = YES;
				CLANG_WARN_ENUM_CONVERSION = YES;
				CLANG_WARN_INT_CONVERSION = YES;
				CLANG_WARN_OBJC_ROOT_CLASS = YES_ERROR;
				CLANG_WARN_UNREACHABLE_CODE = YES;
				CLANG_WARN__DUPLICATE_METHOD_MATCH = YES;
				"CODE_SIGN_IDENTITY[sdk=iphoneos*]" = "iPhone Developer";
				COPY_PHASE_STRIP = NO;
				DEBUG_INFORMATION_FORMAT = "dwarf-with-dsym";
				ENABLE_NS_ASSERTIONS = NO;
				ENABLE_STRICT_OBJC_MSGSEND = YES;
				GCC_C_LANGUAGE_STANDARD = gnu99;
				GCC_NO_COMMON_BLOCKS = YES;
				GCC_WARN_64_TO_32_BIT_CONVERSION = YES;
				GCC_WARN_ABOUT_RETURN_TYPE = YES_ERROR;
				GCC_WARN_UNDECLARED_SELECTOR = YES;
				GCC_WARN_UNINITIALIZED_AUTOS = YES_AGGRESSIVE;
				GCC_WARN_UNUSED_FUNCTION = YES;
				GCC_WARN_UNUSED_VARIABLE = YES;
				IPHONEOS_DEPLOYMENT_TARGET = 9.3;
				MTL_ENABLE_DEBUG_INFO = NO;
				SDKROOT = iphoneos;
				TARGETED_DEVICE_FAMILY = "1,2";
				VALIDATE_PRODUCT = YES;
			};
			name = Release;
		};
		331A4D9E1D02A5A800753247 /* Debug */ = {
			isa = XCBuildConfiguration;
			buildSettings = {
				ASSETCATALOG_COMPILER_APPICON_NAME = AppIcon;
				INFOPLIST_FILE = "ActivityViewController-swift/Info.plist";
				LD_RUNPATH_SEARCH_PATHS = "$(inherited) @executable_path/Frameworks";
				PRODUCT_BUNDLE_IDENTIFIER = "com.cshan.ActivityViewController-swift";
				PRODUCT_NAME = "$(TARGET_NAME)";
			};
			name = Debug;
		};
		331A4D9F1D02A5A800753247 /* Release */ = {
			isa = XCBuildConfiguration;
			buildSettings = {
				ASSETCATALOG_COMPILER_APPICON_NAME = AppIcon;
				INFOPLIST_FILE = "ActivityViewController-swift/Info.plist";
				LD_RUNPATH_SEARCH_PATHS = "$(inherited) @executable_path/Frameworks";
				PRODUCT_BUNDLE_IDENTIFIER = "com.cshan.ActivityViewController-swift";
				PRODUCT_NAME = "$(TARGET_NAME)";
			};
			name = Release;
		};
/* End XCBuildConfiguration section */

/* Begin XCConfigurationList section */
		331A4D861D02A5A800753247 /* Build configuration list for PBXProject "ActivityViewController-swift" */ = {
			isa = XCConfigurationList;
			buildConfigurations = (
				331A4D9B1D02A5A800753247 /* Debug */,
				331A4D9C1D02A5A800753247 /* Release */,
			);
			defaultConfigurationIsVisible = 0;
			defaultConfigurationName = Release;
		};
		331A4D9D1D02A5A800753247 /* Build configuration list for PBXNativeTarget "ActivityViewController-swift" */ = {
			isa = XCConfigurationList;
			buildConfigurations = (
				331A4D9E1D02A5A800753247 /* Debug */,
				331A4D9F1D02A5A800753247 /* Release */,
			);
			defaultConfigurationIsVisible = 0;
			defaultConfigurationName = Release;
		};
/* End XCConfigurationList section */
	};
	rootObject = 331A4D831D02A5A800753247 /* Project object */;
}
